
Microsoft Visual Studio Solution File, Format Version 12.00
# Visual Studio Version 17
VisualStudioVersion = 17.7.34031.279
MinimumVisualStudioVersion = 10.0.40219.1
Project("{FAE04EC0-301F-11D3-BF4B-00C04F79EFBC}") = "ml_eratostenes", "ml_eratostenes\ml_eratostenes.csproj", "{08486FA0-A975-4A2C-8CE7-B977BE18B493}"
EndProject
Global
	GlobalSection(SolutionConfigurationPlatforms) = preSolution
		Debug|Any CPU = Debug|Any CPU
		Release|Any CPU = Release|Any CPU
	EndGlobalSection
	GlobalSection(ProjectConfigurationPlatforms) = postSolution
		{08486FA0-A975-4A2C-8CE7-B977BE18B493}.Debug|Any CPU.ActiveCfg = Debug|Any CPU
		{08486FA0-A975-4A2C-8CE7-B977BE18B493}.Debug|Any CPU.Build.0 = Debug|Any CPU
		{08486FA0-A975-4A2C-8CE7-B977BE18B493}.Debug|Any CPU.Deploy.0 = Debug|Any CPU
		{08486FA0-A975-4A2C-8CE7-B977BE18B493}.Release|Any CPU.ActiveCfg = Release|Any CPU
		{08486FA0-A975-4A2C-8CE7-B977BE18B493}.Release|Any CPU.Build.0 = Release|Any CPU
		{08486FA0-A975-4A2C-8CE7-B977BE18B493}.Release|Any CPU.Deploy.0 = Release|Any CPU
	EndGlobalSection
	GlobalSection(SolutionProperties) = preSolution
		HideSolutionNode = FALSE
	EndGlobalSection
	GlobalSection(ExtensibilityGlobals) = postSolution
		SolutionGuid = {B378C0B7-0E8D-4D0E-AAB1-730DD9567AB7}
	EndGlobalSection
EndGlobal
